
Microsoft Visual Studio Solution File, Format Version 12.00
# Visual Studio Version 17
VisualStudioVersion = 17.6.33801.468
MinimumVisualStudioVersion = 10.0.40219.1
Project("{FAE04EC0-301F-11D3-BF4B-00C04F79EFBC}") = "sysestoque-cyberknight", "sysestoque-cyberknight.csproj", "{B069AEFB-BEC9-4ECC-9DA9-30ED663D1359}"
EndProject
Global
	GlobalSection(SolutionConfigurationPlatforms) = preSolution
		Debug|Any CPU = Debug|Any CPU
		Release|Any CPU = Release|Any CPU
	EndGlobalSection
	GlobalSection(ProjectConfigurationPlatforms) = postSolution
		{B069AEFB-BEC9-4ECC-9DA9-30ED663D1359}.Debug|Any CPU.ActiveCfg = Debug|Any CPU
		{B069AEFB-BEC9-4ECC-9DA9-30ED663D1359}.Debug|Any CPU.Build.0 = Debug|Any CPU
		{B069AEFB-BEC9-4ECC-9DA9-30ED663D1359}.Release|Any CPU.ActiveCfg = Release|Any CPU
		{B069AEFB-BEC9-4ECC-9DA9-30ED663D1359}.Release|Any CPU.Build.0 = Release|Any CPU
	EndGlobalSection
	GlobalSection(SolutionProperties) = preSolution
		HideSolutionNode = FALSE
	EndGlobalSection
	GlobalSection(ExtensibilityGlobals) = postSolution
		SolutionGuid = {0C0AD1EF-953C-49DB-B3A1-2B7F823D5F22}
	EndGlobalSection
EndGlobal
